{
  "name": "ks0212",
  "version": "1.0.0",
  "lockfileVersion": 2,
  "requires": true,
  "packages": {
    "": {
      "version": "1.0.0",
      "license": "MIT",
      "dependencies": {
        "node-web-gpio": "^1.0.17"
      }
    },
    "node_modules/node-web-gpio": {
      "version": "1.0.17",
      "resolved": "https://registry.npmjs.org/node-web-gpio/-/node-web-gpio-1.0.17.tgz",
      "integrity": "sha512-zwLEHSzGJjptKcgVQDY9NkeL9kRd6ABM5Smnys49p0b+3+dmkWcfsDloAHOdoAOSnC3WTcP3rtUuLiA9WQRErQ=="
    }
  },
  "dependencies": {
    "node-web-gpio": {
      "version": "1.0.17",
      "resolved": "https://registry.npmjs.org/node-web-gpio/-/node-web-gpio-1.0.17.tgz",
      "integrity": "sha512-zwLEHSzGJjptKcgVQDY9NkeL9kRd6ABM5Smnys49p0b+3+dmkWcfsDloAHOdoAOSnC3WTcP3rtUuLiA9WQRErQ=="
    }
  }
}
